<?xml version="1.0" encoding="utf-8"?>
<Project ToolsVersion="4.0" xmlns="http://schemas.microsoft.com/developer/msbuild/2003">
  <ItemGroup>
    <ClCompile Include="Source\Application.cpp" />
    <ClCompile Include="Source\BasicPhysics.cpp" />
    <ClCompile Include="Source\BoxCollider.cpp" />
    <ClCompile Include="Source\Bus.cpp" />
    <ClCompile Include="Source\BusStop.cpp" />
    <ClCompile Include="Source\Camera.cpp" />
    <ClCompile Include="Source\Camera2.cpp" />
    <ClCompile Include="Source\Camera3.cpp" />
    <ClCompile Include="Source\Camera4.cpp" />
    <ClCompile Include="Source\Collider.cpp" />
    <ClCompile Include="Source\Dialogue.cpp" />
    <ClCompile Include="Source\GameObject.cpp" />
    <ClCompile Include="Source\LoadOBJ.cpp" />
    <ClCompile Include="Source\LoadTGA.cpp" />
    <ClCompile Include="Source\main.cpp" />
    <ClCompile Include="Source\Mesh.cpp" />
    <ClCompile Include="Source\MeshBuilder.cpp" />
    <ClCompile Include="Source\MiniGames.cpp" />
    <ClCompile Include="Source\Money.cpp" />
    <ClCompile Include="Source\Person.cpp" />
    <ClCompile Include="Source\SceneMapping.cpp" />
    <ClCompile Include="Source\SceneShop.cpp" />
    <ClCompile Include="Source\SceneTester.cpp" />
    <ClCompile Include="Source\Score.cpp" />
    <ClCompile Include="Source\shader.cpp" />
    <ClCompile Include="Source\Shop.cpp" />
    <ClCompile Include="Source\Sound.cpp" />
    <ClCompile Include="Source\Utility.cpp" />
    <ClCompile Include="Source\Collectibles.cpp" />
  </ItemGroup>
  <ItemGroup>
    <ClInclude Include="Source\Application.h" />
    <ClInclude Include="Source\BasicPhysics.h" />
    <ClInclude Include="Source\BoxCollider.h" />
    <ClInclude Include="Source\Bus.h" />
    <ClInclude Include="Source\BusStop.h" />
    <ClInclude Include="Source\Camera.h" />
    <ClInclude Include="Source\Camera2.h" />
    <ClInclude Include="Source\Camera3.h" />
    <ClInclude Include="Source\Camera4.h" />
    <ClInclude Include="Source\Collider.h" />
    <ClInclude Include="Source\Dialogue.h" />
    <ClInclude Include="Source\GameObject.h" />
    <ClInclude Include="Source\LoadOBJ.h" />
    <ClInclude Include="Source\LoadTGA.h" />
    <ClInclude Include="Source\Maps.h" />
    <ClInclude Include="Source\Material.h" />
    <ClInclude Include="Source\Light.h" />
    <ClInclude Include="Source\MiniGames.h" />
    <ClInclude Include="Source\Money.h" />
    <ClInclude Include="Source\Person.h" />
    <ClInclude Include="Source\SceneMapping.h" />
    <ClInclude Include="Source\SceneShop.h" />
    <ClInclude Include="Source\SceneTester.h" />
    <ClInclude Include="Source\Score.h" />
    <ClInclude Include="Source\Shop.h" />
    <ClInclude Include="Source\Sound.h" />
    <ClInclude Include="Source\Transform.h" />
    <ClInclude Include="Source\Utility.h" />
    <ClInclude Include="Source\Vertex.h" />
    <ClInclude Include="Source\Mesh.h" />
    <ClInclude Include="Source\MeshBuilder.h" />
    <ClInclude Include="Source\Scene.h" />
    <ClInclude Include="Source\shader.hpp" />
    <ClInclude Include="Source\Collectibles.h" />
  </ItemGroup>
</Project>